
Microsoft Visual Studio Solution File, Format Version 12.00
# Visual Studio 15
VisualStudioVersion = 15.0.27004.2009
MinimumVisualStudioVersion = 10.0.40219.1
Project("{FAE04EC0-301F-11D3-BF4B-00C04F79EFBC}") = "ListaCirculares", "ListaCirculares\ListaCirculares.csproj", "{29C6D84C-7044-48D2-9110-C62BF408E508}"
EndProject
Global
	GlobalSection(SolutionConfigurationPlatforms) = preSolution
		Debug|Any CPU = Debug|Any CPU
		Release|Any CPU = Release|Any CPU
	EndGlobalSection
	GlobalSection(ProjectConfigurationPlatforms) = postSolution
		{29C6D84C-7044-48D2-9110-C62BF408E508}.Debug|Any CPU.ActiveCfg = Debug|Any CPU
		{29C6D84C-7044-48D2-9110-C62BF408E508}.Debug|Any CPU.Build.0 = Debug|Any CPU
		{29C6D84C-7044-48D2-9110-C62BF408E508}.Release|Any CPU.ActiveCfg = Release|Any CPU
		{29C6D84C-7044-48D2-9110-C62BF408E508}.Release|Any CPU.Build.0 = Release|Any CPU
	EndGlobalSection
	GlobalSection(SolutionProperties) = preSolution
		HideSolutionNode = FALSE
	EndGlobalSection
	GlobalSection(ExtensibilityGlobals) = postSolution
		SolutionGuid = {58A90CFF-4B2D-4D1A-91C4-051541493F66}
	EndGlobalSection
EndGlobal
